// !$*UTF8*$!
{
	archiveVersion = 1;
	classes = {
	};
	objectVersion = 56;
	objects = {

/* Begin PBXBuildFile section */
		041372432A41D72F000D4BC3 /* AppDelegate.swift in Sources */ = {isa = PBXBuildFile; fileRef = 041372422A41D72F000D4BC3 /* AppDelegate.swift */; };
		041372452A41D72F000D4BC3 /* SceneDelegate.swift in Sources */ = {isa = PBXBuildFile; fileRef = 041372442A41D72F000D4BC3 /* SceneDelegate.swift */; };
		041372472A41D72F000D4BC3 /* ViewController.swift in Sources */ = {isa = PBXBuildFile; fileRef = 041372462A41D72F000D4BC3 /* ViewController.swift */; };
		0413724A2A41D72F000D4BC3 /* Main.storyboard in Resources */ = {isa = PBXBuildFile; fileRef = 041372482A41D72F000D4BC3 /* Main.storyboard */; };
		0413724C2A41D731000D4BC3 /* Assets.xcassets in Resources */ = {isa = PBXBuildFile; fileRef = 0413724B2A41D731000D4BC3 /* Assets.xcassets */; };
		0413724F2A41D731000D4BC3 /* LaunchScreen.storyboard in Resources */ = {isa = PBXBuildFile; fileRef = 0413724D2A41D731000D4BC3 /* LaunchScreen.storyboard */; };
		0413725A2A41D731000D4BC3 /* quizzlerTests.swift in Sources */ = {isa = PBXBuildFile; fileRef = 041372592A41D731000D4BC3 /* quizzlerTests.swift */; };
		041372642A41D731000D4BC3 /* quizzlerUITests.swift in Sources */ = {isa = PBXBuildFile; fileRef = 041372632A41D731000D4BC3 /* quizzlerUITests.swift */; };
		041372662A41D731000D4BC3 /* quizzlerUITestsLaunchTests.swift in Sources */ = {isa = PBXBuildFile; fileRef = 041372652A41D731000D4BC3 /* quizzlerUITestsLaunchTests.swift */; };
/* End PBXBuildFile section */

/* Begin PBXContainerItemProxy section */
		041372562A41D731000D4BC3 /* PBXContainerItemProxy */ = {
			isa = PBXContainerItemProxy;
			containerPortal = 041372372A41D72F000D4BC3 /* Project object */;
			proxyType = 1;
			remoteGlobalIDString = 0413723E2A41D72F000D4BC3;
			remoteInfo = quizzler;
		};
		041372602A41D731000D4BC3 /* PBXContainerItemProxy */ = {
			isa = PBXContainerItemProxy;
			containerPortal = 041372372A41D72F000D4BC3 /* Project object */;
			proxyType = 1;
			remoteGlobalIDString = 0413723E2A41D72F000D4BC3;
			remoteInfo = quizzler;
		};
/* End PBXContainerItemProxy section */

/* Begin PBXFileReference section */
		0413723F2A41D72F000D4BC3 /* quizzler.app */ = {isa = PBXFileReference; explicitFileType = wrapper.application; includeInIndex = 0; path = quizzler.app; sourceTree = BUILT_PRODUCTS_DIR; };
		041372422A41D72F000D4BC3 /* AppDelegate.swift */ = {isa = PBXFileReference; lastKnownFileType = sourcecode.swift; path = AppDelegate.swift; sourceTree = "<group>"; };
		041372442A41D72F000D4BC3 /* SceneDelegate.swift */ = {isa = PBXFileReference; lastKnownFileType = sourcecode.swift; path = SceneDelegate.swift; sourceTree = "<group>"; };
		041372462A41D72F000D4BC3 /* ViewController.swift */ = {isa = PBXFileReference; lastKnownFileType = sourcecode.swift; path = ViewController.swift; sourceTree = "<group>"; };
		041372492A41D72F000D4BC3 /* Base */ = {isa = PBXFileReference; lastKnownFileType = file.storyboard; name = Base; path = Base.lproj/Main.storyboard; sourceTree = "<group>"; };
		0413724B2A41D731000D4BC3 /* Assets.xcassets */ = {isa = PBXFileReference; lastKnownFileType = folder.assetcatalog; path = Assets.xcassets; sourceTree = "<group>"; };
		0413724E2A41D731000D4BC3 /* Base */ = {isa = PBXFileReference; lastKnownFileType = file.storyboard; name = Base; path = Base.lproj/LaunchScreen.storyboard; sourceTree = "<group>"; };
		041372502A41D731000D4BC3 /* Info.plist */ = {isa = PBXFileReference; lastKnownFileType = text.plist.xml; path = Info.plist; sourceTree = "<group>"; };
		041372552A41D731000D4BC3 /* quizzlerTests.xctest */ = {isa = PBXFileReference; explicitFileType = wrapper.cfbundle; includeInIndex = 0; path = quizzlerTests.xctest; sourceTree = BUILT_PRODUCTS_DIR; };
		041372592A41D731000D4BC3 /* quizzlerTests.swift */ = {isa = PBXFileReference; lastKnownFileType = sourcecode.swift; path = quizzlerTests.swift; sourceTree = "<group>"; };
		0413725F2A41D731000D4BC3 /* quizzlerUITests.xctest */ = {isa = PBXFileReference; explicitFileType = wrapper.cfbundle; includeInIndex = 0; path = quizzlerUITests.xctest; sourceTree = BUILT_PRODUCTS_DIR; };
		041372632A41D731000D4BC3 /* quizzlerUITests.swift */ = {isa = PBXFileReference; lastKnownFileType = sourcecode.swift; path = quizzlerUITests.swift; sourceTree = "<group>"; };
		041372652A41D731000D4BC3 /* quizzlerUITestsLaunchTests.swift */ = {isa = PBXFileReference; lastKnownFileType = sourcecode.swift; path = quizzlerUITestsLaunchTests.swift; sourceTree = "<group>"; };
/* End PBXFileReference section */

/* Begin PBXFrameworksBuildPhase section */
		0413723C2A41D72F000D4BC3 /* Frameworks */ = {
			isa = PBXFrameworksBuildPhase;
			buildActionMask = 2147483647;
			files = (
			);
			runOnlyForDeploymentPostprocessing = 0;
		};
		041372522A41D731000D4BC3 /* Frameworks */ = {
			isa = PBXFrameworksBuildPhase;
			buildActionMask = 2147483647;
			files = (
			);
			runOnlyForDeploymentPostprocessing = 0;
		};
		0413725C2A41D731000D4BC3 /* Frameworks */ = {
			isa = PBXFrameworksBuildPhase;
			buildActionMask = 2147483647;
			files = (
			);
			runOnlyForDeploymentPostprocessing = 0;
		};
/* End PBXFrameworksBuildPhase section */

/* Begin PBXGroup section */
		041372362A41D72F000D4BC3 = {
			isa = PBXGroup;
			children = (
				041372412A41D72F000D4BC3 /* quizzler */,
				041372582A41D731000D4BC3 /* quizzlerTests */,
				041372622A41D731000D4BC3 /* quizzlerUITests */,
				041372402A41D72F000D4BC3 /* Products */,
			);
			sourceTree = "<group>";
		};
		041372402A41D72F000D4BC3 /* Products */ = {
			isa = PBXGroup;
			children = (
				0413723F2A41D72F000D4BC3 /* quizzler.app */,
				041372552A41D731000D4BC3 /* quizzlerTests.xctest */,
				0413725F2A41D731000D4BC3 /* quizzlerUITests.xctest */,
			);
			name = Products;
			sourceTree = "<group>";
		};
		041372412A41D72F000D4BC3 /* quizzler */ = {
			isa = PBXGroup;
			children = (
				041372422A41D72F000D4BC3 /* AppDelegate.swift */,
				041372442A41D72F000D4BC3 /* SceneDelegate.swift */,
				041372462A41D72F000D4BC3 /* ViewController.swift */,
				041372482A41D72F000D4BC3 /* Main.storyboard */,
				0413724B2A41D731000D4BC3 /* Assets.xcassets */,
				0413724D2A41D731000D4BC3 /* LaunchScreen.storyboard */,
				041372502A41D731000D4BC3 /* Info.plist */,
			);
			path = quizzler;
			sourceTree = "<group>";
		};
		041372582A41D731000D4BC3 /* quizzlerTests */ = {
			isa = PBXGroup;
			children = (
				041372592A41D731000D4BC3 /* quizzlerTests.swift */,
			);
			path = quizzlerTests;
			sourceTree = "<group>";
		};
		041372622A41D731000D4BC3 /* quizzlerUITests */ = {
			isa = PBXGroup;
			children = (
				041372632A41D731000D4BC3 /* quizzlerUITests.swift */,
				041372652A41D731000D4BC3 /* quizzlerUITestsLaunchTests.swift */,
			);
			path = quizzlerUITests;
			sourceTree = "<group>";
		};
/* End PBXGroup section */

/* Begin PBXNativeTarget section */
		0413723E2A41D72F000D4BC3 /* quizzler */ = {
			isa = PBXNativeTarget;
			buildConfigurationList = 041372692A41D731000D4BC3 /* Build configuration list for PBXNativeTarget "quizzler" */;
			buildPhases = (
				0413723B2A41D72F000D4BC3 /* Sources */,
				0413723C2A41D72F000D4BC3 /* Frameworks */,
				0413723D2A41D72F000D4BC3 /* Resources */,
			);
			buildRules = (
			);
			dependencies = (
			);
			name = quizzler;
			productName = quizzler;
			productReference = 0413723F2A41D72F000D4BC3 /* quizzler.app */;
			productType = "com.apple.product-type.application";
		};
		041372542A41D731000D4BC3 /* quizzlerTests */ = {
			isa = PBXNativeTarget;
			buildConfigurationList = 0413726C2A41D731000D4BC3 /* Build configuration list for PBXNativeTarget "quizzlerTests" */;
			buildPhases = (
				041372512A41D731000D4BC3 /* Sources */,
				041372522A41D731000D4BC3 /* Frameworks */,
				041372532A41D731000D4BC3 /* Resources */,
			);
			buildRules = (
			);
			dependencies = (
				041372572A41D731000D4BC3 /* PBXTargetDependency */,
			);
			name = quizzlerTests;
			productName = quizzlerTests;
			productReference = 041372552A41D731000D4BC3 /* quizzlerTests.xctest */;
			productType = "com.apple.product-type.bundle.unit-test";
		};
		0413725E2A41D731000D4BC3 /* quizzlerUITests */ = {
			isa = PBXNativeTarget;
			buildConfigurationList = 0413726F2A41D731000D4BC3 /* Build configuration list for PBXNativeTarget "quizzlerUITests" */;
			buildPhases = (
				0413725B2A41D731000D4BC3 /* Sources */,
				0413725C2A41D731000D4BC3 /* Frameworks */,
				0413725D2A41D731000D4BC3 /* Resources */,
			);
			buildRules = (
			);
			dependencies = (
				041372612A41D731000D4BC3 /* PBXTargetDependency */,
			);
			name = quizzlerUITests;
			productName = quizzlerUITests;
			productReference = 0413725F2A41D731000D4BC3 /* quizzlerUITests.xctest */;
			productType = "com.apple.product-type.bundle.ui-testing";
		};
/* End PBXNativeTarget section */

/* Begin PBXProject section */
		041372372A41D72F000D4BC3 /* Project object */ = {
			isa = PBXProject;
			attributes = {
				BuildIndependentTargetsInParallel = 1;
				LastSwiftUpdateCheck = 1430;
				LastUpgradeCheck = 1430;
				TargetAttributes = {
					0413723E2A41D72F000D4BC3 = {
						CreatedOnToolsVersion = 14.3;
					};
					041372542A41D731000D4BC3 = {
						CreatedOnToolsVersion = 14.3;
						TestTargetID = 0413723E2A41D72F000D4BC3;
					};
					0413725E2A41D731000D4BC3 = {
						CreatedOnToolsVersion = 14.3;
						TestTargetID = 0413723E2A41D72F000D4BC3;
					};
				};
			};
			buildConfigurationList = 0413723A2A41D72F000D4BC3 /* Build configuration list for PBXProject "quizzler" */;
			compatibilityVersion = "Xcode 14.0";
			developmentRegion = en;
			hasScannedForEncodings = 0;
			knownRegions = (
				en,
				Base,
			);
			mainGroup = 041372362A41D72F000D4BC3;
			productRefGroup = 041372402A41D72F000D4BC3 /* Products */;
			projectDirPath = "";
			projectRoot = "";
			targets = (
				0413723E2A41D72F000D4BC3 /* quizzler */,
				041372542A41D731000D4BC3 /* quizzlerTests */,
				0413725E2A41D731000D4BC3 /* quizzlerUITests */,
			);
		};
/* End PBXProject section */

/* Begin PBXResourcesBuildPhase section */
		0413723D2A41D72F000D4BC3 /* Resources */ = {
			isa = PBXResourcesBuildPhase;
			buildActionMask = 2147483647;
			files = (
				0413724F2A41D731000D4BC3 /* LaunchScreen.storyboard in Resources */,
				0413724C2A41D731000D4BC3 /* Assets.xcassets in Resources */,
				0413724A2A41D72F000D4BC3 /* Main.storyboard in Resources */,
			);
			runOnlyForDeploymentPostprocessing = 0;
		};
		041372532A41D731000D4BC3 /* Resources */ = {
			isa = PBXResourcesBuildPhase;
			buildActionMask = 2147483647;
			files = (
			);
			runOnlyForDeploymentPostprocessing = 0;
		};
		0413725D2A41D731000D4BC3 /* Resources */ = {
			isa = PBXResourcesBuildPhase;
			buildActionMask = 2147483647;
			files = (
			);
			runOnlyForDeploymentPostprocessing = 0;
		};
/* End PBXResourcesBuildPhase section */

/* Begin PBXSourcesBuildPhase section */
		0413723B2A41D72F000D4BC3 /* Sources */ = {
			isa = PBXSourcesBuildPhase;
			buildActionMask = 2147483647;
			files = (
				041372472A41D72F000D4BC3 /* ViewController.swift in Sources */,
				041372432A41D72F000D4BC3 /* AppDelegate.swift in Sources */,
				041372452A41D72F000D4BC3 /* SceneDelegate.swift in Sources */,
			);
			runOnlyForDeploymentPostprocessing = 0;
		};
		041372512A41D731000D4BC3 /* Sources */ = {
			isa = PBXSourcesBuildPhase;
			buildActionMask = 2147483647;
			files = (
				0413725A2A41D731000D4BC3 /* quizzlerTests.swift in Sources */,
			);
			runOnlyForDeploymentPostprocessing = 0;
		};
		0413725B2A41D731000D4BC3 /* Sources */ = {
			isa = PBXSourcesBuildPhase;
			buildActionMask = 2147483647;
			files = (
				041372662A41D731000D4BC3 /* quizzlerUITestsLaunchTests.swift in Sources */,
				041372642A41D731000D4BC3 /* quizzlerUITests.swift in Sources */,
			);
			runOnlyForDeploymentPostprocessing = 0;
		};
/* End PBXSourcesBuildPhase section */

/* Begin PBXTargetDependency section */
		041372572A41D731000D4BC3 /* PBXTargetDependency */ = {
			isa = PBXTargetDependency;
			target = 0413723E2A41D72F000D4BC3 /* quizzler */;
			targetProxy = 041372562A41D731000D4BC3 /* PBXContainerItemProxy */;
		};
		041372612A41D731000D4BC3 /* PBXTargetDependency */ = {
			isa = PBXTargetDependency;
			target = 0413723E2A41D72F000D4BC3 /* quizzler */;
			targetProxy = 041372602A41D731000D4BC3 /* PBXContainerItemProxy */;
		};
/* End PBXTargetDependency section */

/* Begin PBXVariantGroup section */
		041372482A41D72F000D4BC3 /* Main.storyboard */ = {
			isa = PBXVariantGroup;
			children = (
				041372492A41D72F000D4BC3 /* Base */,
			);
			name = Main.storyboard;
			sourceTree = "<group>";
		};
		0413724D2A41D731000D4BC3 /* LaunchScreen.storyboard */ = {
			isa = PBXVariantGroup;
			children = (
				0413724E2A41D731000D4BC3 /* Base */,
			);
			name = LaunchScreen.storyboard;
			sourceTree = "<group>";
		};
/* End PBXVariantGroup section */

/* Begin XCBuildConfiguration section */
		041372672A41D731000D4BC3 /* Debug */ = {
			isa = XCBuildConfiguration;
			buildSettings = {
				ALWAYS_SEARCH_USER_PATHS = NO;
				CLANG_ANALYZER_NONNULL = YES;
				CLANG_ANALYZER_NUMBER_OBJECT_CONVERSION = YES_AGGRESSIVE;
				CLANG_CXX_LANGUAGE_STANDARD = "gnu++20";
				CLANG_ENABLE_MODULES = YES;
				CLANG_ENABLE_OBJC_ARC = YES;
				CLANG_ENABLE_OBJC_WEAK = YES;
				CLANG_WARN_BLOCK_CAPTURE_AUTORELEASING = YES;
				CLANG_WARN_BOOL_CONVERSION = YES;
				CLANG_WARN_COMMA = YES;
				CLANG_WARN_CONSTANT_CONVERSION = YES;
				CLANG_WARN_DEPRECATED_OBJC_IMPLEMENTATIONS = YES;
				CLANG_WARN_DIRECT_OBJC_ISA_USAGE = YES_ERROR;
				CLANG_WARN_DOCUMENTATION_COMMENTS = YES;
				CLANG_WARN_EMPTY_BODY = YES;
				CLANG_WARN_ENUM_CONVERSION = YES;
				CLANG_WARN_INFINITE_RECURSION = YES;
				CLANG_WARN_INT_CONVERSION = YES;
				CLANG_WARN_NON_LITERAL_NULL_CONVERSION = YES;
				CLANG_WARN_OBJC_IMPLICIT_RETAIN_SELF = YES;
				CLANG_WARN_OBJC_LITERAL_CONVERSION = YES;
				CLANG_WARN_OBJC_ROOT_CLASS = YES_ERROR;
				CLANG_WARN_QUOTED_INCLUDE_IN_FRAMEWORK_HEADER = YES;
				CLANG_WARN_RANGE_LOOP_ANALYSIS = YES;
				CLANG_WARN_STRICT_PROTOTYPES = YES;
				CLANG_WARN_SUSPICIOUS_MOVE = YES;
				CLANG_WARN_UNGUARDED_AVAILABILITY = YES_AGGRESSIVE;
				CLANG_WARN_UNREACHABLE_CODE = YES;
				CLANG_WARN__DUPLICATE_METHOD_MATCH = YES;
				COPY_PHASE_STRIP = NO;
				DEBUG_INFORMATION_FORMAT = dwarf;
				ENABLE_STRICT_OBJC_MSGSEND = YES;
				ENABLE_TESTABILITY = YES;
				GCC_C_LANGUAGE_STANDARD = gnu11;
				GCC_DYNAMIC_NO_PIC = NO;
				GCC_NO_COMMON_BLOCKS = YES;
				GCC_OPTIMIZATION_LEVEL = 0;
				GCC_PREPROCESSOR_DEFINITIONS = (
					"DEBUG=1",
					"$(inherited)",
				);
				GCC_WARN_64_TO_32_BIT_CONVERSION = YES;
				GCC_WARN_ABOUT_RETURN_TYPE = YES_ERROR;
				GCC_WARN_UNDECLARED_SELECTOR = YES;
				GCC_WARN_UNINITIALIZED_AUTOS = YES_AGGRESSIVE;
				GCC_WARN_UNUSED_FUNCTION = YES;
				GCC_WARN_UNUSED_VARIABLE = YES;
				IPHONEOS_DEPLOYMENT_TARGET = 16.4;
				MTL_ENABLE_DEBUG_INFO = INCLUDE_SOURCE;
				MTL_FAST_MATH = YES;
				ONLY_ACTIVE_ARCH = YES;
				SDKROOT = iphoneos;
				SWIFT_ACTIVE_COMPILATION_CONDITIONS = DEBUG;
				SWIFT_OPTIMIZATION_LEVEL = "-Onone";
			};
			name = Debug;
		};
		041372682A41D731000D4BC3 /* Release */ = {
			isa = XCBuildConfiguration;
			buildSettings = {
				ALWAYS_SEARCH_USER_PATHS = NO;
				CLANG_ANALYZER_NONNULL = YES;
				CLANG_ANALYZER_NUMBER_OBJECT_CONVERSION = YES_AGGRESSIVE;
				CLANG_CXX_LANGUAGE_STANDARD = "gnu++20";
				CLANG_ENABLE_MODULES = YES;
				CLANG_ENABLE_OBJC_ARC = YES;
				CLANG_ENABLE_OBJC_WEAK = YES;
				CLANG_WARN_BLOCK_CAPTURE_AUTORELEASING = YES;
				CLANG_WARN_BOOL_CONVERSION = YES;
				CLANG_WARN_COMMA = YES;
				CLANG_WARN_CONSTANT_CONVERSION = YES;
				CLANG_WARN_DEPRECATED_OBJC_IMPLEMENTATIONS = YES;
				CLANG_WARN_DIRECT_OBJC_ISA_USAGE = YES_ERROR;
				CLANG_WARN_DOCUMENTATION_COMMENTS = YES;
				CLANG_WARN_EMPTY_BODY = YES;
				CLANG_WARN_ENUM_CONVERSION = YES;
				CLANG_WARN_INFINITE_RECURSION = YES;
				CLANG_WARN_INT_CONVERSION = YES;
				CLANG_WARN_NON_LITERAL_NULL_CONVERSION = YES;
				CLANG_WARN_OBJC_IMPLICIT_RETAIN_SELF = YES;
				CLANG_WARN_OBJC_LITERAL_CONVERSION = YES;
				CLANG_WARN_OBJC_ROOT_CLASS = YES_ERROR;
				CLANG_WARN_QUOTED_INCLUDE_IN_FRAMEWORK_HEADER = YES;
				CLANG_WARN_RANGE_LOOP_ANALYSIS = YES;
				CLANG_WARN_STRICT_PROTOTYPES = YES;
				CLANG_WARN_SUSPICIOUS_MOVE = YES;
				CLANG_WARN_UNGUARDED_AVAILABILITY = YES_AGGRESSIVE;
				CLANG_WARN_UNREACHABLE_CODE = YES;
				CLANG_WARN__DUPLICATE_METHOD_MATCH = YES;
				COPY_PHASE_STRIP = NO;
				DEBUG_INFORMATION_FORMAT = "dwarf-with-dsym";
				ENABLE_NS_ASSERTIONS = NO;
				ENABLE_STRICT_OBJC_MSGSEND = YES;
				GCC_C_LANGUAGE_STANDARD = gnu11;
				GCC_NO_COMMON_BLOCKS = YES;
				GCC_WARN_64_TO_32_BIT_CONVERSION = YES;
				GCC_WARN_ABOUT_RETURN_TYPE = YES_ERROR;
				GCC_WARN_UNDECLARED_SELECTOR = YES;
				GCC_WARN_UNINITIALIZED_AUTOS = YES_AGGRESSIVE;
				GCC_WARN_UNUSED_FUNCTION = YES;
				GCC_WARN_UNUSED_VARIABLE = YES;
				IPHONEOS_DEPLOYMENT_TARGET = 16.4;
				MTL_ENABLE_DEBUG_INFO = NO;
				MTL_FAST_MATH = YES;
				SDKROOT = iphoneos;
				SWIFT_COMPILATION_MODE = wholemodule;
				SWIFT_OPTIMIZATION_LEVEL = "-O";
				VALIDATE_PRODUCT = YES;
			};
			name = Release;
		};
		0413726A2A41D731000D4BC3 /* Debug */ = {
			isa = XCBuildConfiguration;
			buildSettings = {
				ASSETCATALOG_COMPILER_APPICON_NAME = AppIcon;
				ASSETCATALOG_COMPILER_GLOBAL_ACCENT_COLOR_NAME = AccentColor;
				CODE_SIGN_STYLE = Automatic;
				CURRENT_PROJECT_VERSION = 1;
				DEVELOPMENT_TEAM = NRQCADXLCX;
				GENERATE_INFOPLIST_FILE = YES;
				INFOPLIST_FILE = quizzler/Info.plist;
				INFOPLIST_KEY_UIApplicationSupportsIndirectInputEvents = YES;
				INFOPLIST_KEY_UILaunchStoryboardName = LaunchScreen;
				INFOPLIST_KEY_UIMainStoryboardFile = Main;
				INFOPLIST_KEY_UISupportedInterfaceOrientations_iPad = "UIInterfaceOrientationPortrait UIInterfaceOrientationPortraitUpsideDown UIInterfaceOrientationLandscapeLeft UIInterfaceOrientationLandscapeRight";
				INFOPLIST_KEY_UISupportedInterfaceOrientations_iPhone = "UIInterfaceOrientationPortrait UIInterfaceOrientationLandscapeLeft UIInterfaceOrientationLandscapeRight";
				LD_RUNPATH_SEARCH_PATHS = (
					"$(inherited)",
					"@executable_path/Frameworks",
				);
				MARKETING_VERSION = 1.0;
				PRODUCT_BUNDLE_IDENTIFIER = com.ahtechno.quizzler;
				PRODUCT_NAME = "$(TARGET_NAME)";
				SWIFT_EMIT_LOC_STRINGS = YES;
				SWIFT_VERSION = 5.0;
				TARGETED_DEVICE_FAMILY = "1,2";
			};
			name = Debug;
		};
		0413726B2A41D731000D4BC3 /* Release */ = {
			isa = XCBuildConfiguration;
			buildSettings = {
				ASSETCATALOG_COMPILER_APPICON_NAME = AppIcon;
				ASSETCATALOG_COMPILER_GLOBAL_ACCENT_COLOR_NAME = AccentColor;
				CODE_SIGN_STYLE = Automatic;
				CURRENT_PROJECT_VERSION = 1;
				DEVELOPMENT_TEAM = NRQCADXLCX;
				GENERATE_INFOPLIST_FILE = YES;
				INFOPLIST_FILE = quizzler/Info.plist;
				INFOPLIST_KEY_UIApplicationSupportsIndirectInputEvents = YES;
				INFOPLIST_KEY_UILaunchStoryboardName = LaunchScreen;
				INFOPLIST_KEY_UIMainStoryboardFile = Main;
				INFOPLIST_KEY_UISupportedInterfaceOrientations_iPad = "UIInterfaceOrientationPortrait UIInterfaceOrientationPortraitUpsideDown UIInterfaceOrientationLandscapeLeft UIInterfaceOrientationLandscapeRight";
				INFOPLIST_KEY_UISupportedInterfaceOrientations_iPhone = "UIInterfaceOrientationPortrait UIInterfaceOrientationLandscapeLeft UIInterfaceOrientationLandscapeRight";
				LD_RUNPATH_SEARCH_PATHS = (
					"$(inherited)",
					"@executable_path/Frameworks",
				);
				MARKETING_VERSION = 1.0;
				PRODUCT_BUNDLE_IDENTIFIER = com.ahtechno.quizzler;
				PRODUCT_NAME = "$(TARGET_NAME)";
				SWIFT_EMIT_LOC_STRINGS = YES;
				SWIFT_VERSION = 5.0;
				TARGETED_DEVICE_FAMILY = "1,2";
			};
			name = Release;
		};
		0413726D2A41D731000D4BC3 /* Debug */ = {
			isa = XCBuildConfiguration;
			buildSettings = {
				ALWAYS_EMBED_SWIFT_STANDARD_LIBRARIES = YES;
				BUNDLE_LOADER = "$(TEST_HOST)";
				CODE_SIGN_STYLE = Automatic;
				CURRENT_PROJECT_VERSION = 1;
				DEVELOPMENT_TEAM = NRQCADXLCX;
				GENERATE_INFOPLIST_FILE = YES;
				IPHONEOS_DEPLOYMENT_TARGET = 16.4;
				MARKETING_VERSION = 1.0;
				PRODUCT_BUNDLE_IDENTIFIER = com.ahtechno.quizzlerTests;
				PRODUCT_NAME = "$(TARGET_NAME)";
				SWIFT_EMIT_LOC_STRINGS = NO;
				SWIFT_VERSION = 5.0;
				TARGETED_DEVICE_FAMILY = "1,2";
				TEST_HOST = "$(BUILT_PRODUCTS_DIR)/quizzler.app/$(BUNDLE_EXECUTABLE_FOLDER_PATH)/quizzler";
			};
			name = Debug;
		};
		0413726E2A41D731000D4BC3 /* Release */ = {
			isa = XCBuildConfiguration;
			buildSettings = {
				ALWAYS_EMBED_SWIFT_STANDARD_LIBRARIES = YES;
				BUNDLE_LOADER = "$(TEST_HOST)";
				CODE_SIGN_STYLE = Automatic;
				CURRENT_PROJECT_VERSION = 1;
				DEVELOPMENT_TEAM = NRQCADXLCX;
				GENERATE_INFOPLIST_FILE = YES;
				IPHONEOS_DEPLOYMENT_TARGET = 16.4;
				MARKETING_VERSION = 1.0;
				PRODUCT_BUNDLE_IDENTIFIER = com.ahtechno.quizzlerTests;
				PRODUCT_NAME = "$(TARGET_NAME)";
				SWIFT_EMIT_LOC_STRINGS = NO;
				SWIFT_VERSION = 5.0;
				TARGETED_DEVICE_FAMILY = "1,2";
				TEST_HOST = "$(BUILT_PRODUCTS_DIR)/quizzler.app/$(BUNDLE_EXECUTABLE_FOLDER_PATH)/quizzler";
			};
			name = Release;
		};
		041372702A41D731000D4BC3 /* Debug */ = {
			isa = XCBuildConfiguration;
			buildSettings = {
				ALWAYS_EMBED_SWIFT_STANDARD_LIBRARIES = YES;
				CODE_SIGN_STYLE = Automatic;
				CURRENT_PROJECT_VERSION = 1;
				DEVELOPMENT_TEAM = NRQCADXLCX;
				GENERATE_INFOPLIST_FILE = YES;
				MARKETING_VERSION = 1.0;
				PRODUCT_BUNDLE_IDENTIFIER = com.ahtechno.quizzlerUITests;
				PRODUCT_NAME = "$(TARGET_NAME)";
				SWIFT_EMIT_LOC_STRINGS = NO;
				SWIFT_VERSION = 5.0;
				TARGETED_DEVICE_FAMILY = "1,2";
				TEST_TARGET_NAME = quizzler;
			};
			name = Debug;
		};
		041372712A41D731000D4BC3 /* Release */ = {
			isa = XCBuildConfiguration;
			buildSettings = {
				ALWAYS_EMBED_SWIFT_STANDARD_LIBRARIES = YES;
				CODE_SIGN_STYLE = Automatic;
				CURRENT_PROJECT_VERSION = 1;
				DEVELOPMENT_TEAM = NRQCADXLCX;
				GENERATE_INFOPLIST_FILE = YES;
				MARKETING_VERSION = 1.0;
				PRODUCT_BUNDLE_IDENTIFIER = com.ahtechno.quizzlerUITests;
				PRODUCT_NAME = "$(TARGET_NAME)";
				SWIFT_EMIT_LOC_STRINGS = NO;
				SWIFT_VERSION = 5.0;
				TARGETED_DEVICE_FAMILY = "1,2";
				TEST_TARGET_NAME = quizzler;
			};
			name = Release;
		};
/* End XCBuildConfiguration section */

/* Begin XCConfigurationList section */
		0413723A2A41D72F000D4BC3 /* Build configuration list for PBXProject "quizzler" */ = {
			isa = XCConfigurationList;
			buildConfigurations = (
				041372672A41D731000D4BC3 /* Debug */,
				041372682A41D731000D4BC3 /* Release */,
			);
			defaultConfigurationIsVisible = 0;
			defaultConfigurationName = Release;
		};
		041372692A41D731000D4BC3 /* Build configuration list for PBXNativeTarget "quizzler" */ = {
			isa = XCConfigurationList;
			buildConfigurations = (
				0413726A2A41D731000D4BC3 /* Debug */,
				0413726B2A41D731000D4BC3 /* Release */,
			);
			defaultConfigurationIsVisible = 0;
			defaultConfigurationName = Release;
		};
		0413726C2A41D731000D4BC3 /* Build configuration list for PBXNativeTarget "quizzlerTests" */ = {
			isa = XCConfigurationList;
			buildConfigurations = (
				0413726D2A41D731000D4BC3 /* Debug */,
				0413726E2A41D731000D4BC3 /* Release */,
			);
			defaultConfigurationIsVisible = 0;
			defaultConfigurationName = Release;
		};
		0413726F2A41D731000D4BC3 /* Build configuration list for PBXNativeTarget "quizzlerUITests" */ = {
			isa = XCConfigurationList;
			buildConfigurations = (
				041372702A41D731000D4BC3 /* Debug */,
				041372712A41D731000D4BC3 /* Release */,
			);
			defaultConfigurationIsVisible = 0;
			defaultConfigurationName = Release;
		};
/* End XCConfigurationList section */
	};
	rootObject = 041372372A41D72F000D4BC3 /* Project object */;
}
